
Microsoft Visual Studio Solution File, Format Version 11.00
# Visual Studio 2010
Project("{FAE04EC0-301F-11D3-BF4B-00C04F79EFBC}") = "QMDJ", "QMDJ.csproj", "{94EC3A1D-F502-458D-9E8D-3B0C1A0919CB}"
EndProject
Project("{FAE04EC0-301F-11D3-BF4B-00C04F79EFBC}") = "ChineseTenThousandCalendar", "..\ChineseTenThousandCalendar\ChineseTenThousandCalendar.csproj", "{B72733D8-1B16-4D46-943E-D9B72E893A1E}"
EndProject
Global
	GlobalSection(SolutionConfigurationPlatforms) = preSolution
		Debug|Any CPU = Debug|Any CPU
		Debug|Mixed Platforms = Debug|Mixed Platforms
		Debug|x86 = Debug|x86
		Release|Any CPU = Release|Any CPU
		Release|Mixed Platforms = Release|Mixed Platforms
		Release|x86 = Release|x86
	EndGlobalSection
	GlobalSection(ProjectConfigurationPlatforms) = postSolution
		{94EC3A1D-F502-458D-9E8D-3B0C1A0919CB}.Debug|Any CPU.ActiveCfg = Debug|x86
		{94EC3A1D-F502-458D-9E8D-3B0C1A0919CB}.Debug|Mixed Platforms.ActiveCfg = Debug|x86
		{94EC3A1D-F502-458D-9E8D-3B0C1A0919CB}.Debug|Mixed Platforms.Build.0 = Debug|x86
		{94EC3A1D-F502-458D-9E8D-3B0C1A0919CB}.Debug|x86.ActiveCfg = Debug|x86
		{94EC3A1D-F502-458D-9E8D-3B0C1A0919CB}.Debug|x86.Build.0 = Debug|x86
		{94EC3A1D-F502-458D-9E8D-3B0C1A0919CB}.Release|Any CPU.ActiveCfg = Release|x86
		{94EC3A1D-F502-458D-9E8D-3B0C1A0919CB}.Release|Mixed Platforms.ActiveCfg = Release|x86
		{94EC3A1D-F502-458D-9E8D-3B0C1A0919CB}.Release|Mixed Platforms.Build.0 = Release|x86
		{94EC3A1D-F502-458D-9E8D-3B0C1A0919CB}.Release|x86.ActiveCfg = Release|x86
		{94EC3A1D-F502-458D-9E8D-3B0C1A0919CB}.Release|x86.Build.0 = Release|x86
		{B72733D8-1B16-4D46-943E-D9B72E893A1E}.Debug|Any CPU.ActiveCfg = Debug|Any CPU
		{B72733D8-1B16-4D46-943E-D9B72E893A1E}.Debug|Any CPU.Build.0 = Debug|Any CPU
		{B72733D8-1B16-4D46-943E-D9B72E893A1E}.Debug|Mixed Platforms.ActiveCfg = Debug|Any CPU
		{B72733D8-1B16-4D46-943E-D9B72E893A1E}.Debug|Mixed Platforms.Build.0 = Debug|Any CPU
		{B72733D8-1B16-4D46-943E-D9B72E893A1E}.Debug|x86.ActiveCfg = Debug|Any CPU
		{B72733D8-1B16-4D46-943E-D9B72E893A1E}.Release|Any CPU.ActiveCfg = Release|Any CPU
		{B72733D8-1B16-4D46-943E-D9B72E893A1E}.Release|Any CPU.Build.0 = Release|Any CPU
		{B72733D8-1B16-4D46-943E-D9B72E893A1E}.Release|Mixed Platforms.ActiveCfg = Release|Any CPU
		{B72733D8-1B16-4D46-943E-D9B72E893A1E}.Release|Mixed Platforms.Build.0 = Release|Any CPU
		{B72733D8-1B16-4D46-943E-D9B72E893A1E}.Release|x86.ActiveCfg = Release|Any CPU
	EndGlobalSection
	GlobalSection(SolutionProperties) = preSolution
		HideSolutionNode = FALSE
	EndGlobalSection
EndGlobal
